
Microsoft Visual Studio Solution File, Format Version 12.00
# Visual Studio Version 16
VisualStudioVersion = 16.0.31424.327
MinimumVisualStudioVersion = 10.0.40219.1
Project("{FAE04EC0-301F-11D3-BF4B-00C04F79EFBC}") = "JDemo", "JDemo.csproj", "{260BE4AD-04AE-44CB-948D-E7151A8104DE}"
EndProject
Global
	GlobalSection(SolutionConfigurationPlatforms) = preSolution
		Debug|Any CPU = Debug|Any CPU
		Release|Any CPU = Release|Any CPU
	EndGlobalSection
	GlobalSection(ProjectConfigurationPlatforms) = postSolution
		{260BE4AD-04AE-44CB-948D-E7151A8104DE}.Debug|Any CPU.ActiveCfg = Debug|Any CPU
		{260BE4AD-04AE-44CB-948D-E7151A8104DE}.Debug|Any CPU.Build.0 = Debug|Any CPU
		{260BE4AD-04AE-44CB-948D-E7151A8104DE}.Release|Any CPU.ActiveCfg = Release|Any CPU
		{260BE4AD-04AE-44CB-948D-E7151A8104DE}.Release|Any CPU.Build.0 = Release|Any CPU
	EndGlobalSection
	GlobalSection(SolutionProperties) = preSolution
		HideSolutionNode = FALSE
	EndGlobalSection
	GlobalSection(ExtensibilityGlobals) = postSolution
		SolutionGuid = {6CCCB641-3477-4330-A5DA-5A48727CC415}
	EndGlobalSection
EndGlobal
